
Microsoft Visual Studio Solution File, Format Version 12.00
# Visual Studio Version 17
VisualStudioVersion = 17.9.34728.123
MinimumVisualStudioVersion = 10.0.40219.1
Project("{E24C65DC-7377-472B-9ABA-BC803B73C61A}") = "SEProject", "SEProject\", "{B2784F72-C1CE-4E60-B49B-B7373085AC9F}"
	ProjectSection(WebsiteProperties) = preProject
		TargetFrameworkMoniker = ".NETFramework,Version%3Dv4.7.2"
		Debug.AspNetCompiler.VirtualPath = "/localhost_52985"
		Debug.AspNetCompiler.PhysicalPath = "SEProject\"
		Debug.AspNetCompiler.TargetPath = "PrecompiledWeb\localhost_52985\"
		Debug.AspNetCompiler.Updateable = "true"
		Debug.AspNetCompiler.ForceOverwrite = "true"
		Debug.AspNetCompiler.FixedNames = "false"
		Debug.AspNetCompiler.Debug = "True"
		Release.AspNetCompiler.VirtualPath = "/localhost_52985"
		Release.AspNetCompiler.PhysicalPath = "SEProject\"
		Release.AspNetCompiler.TargetPath = "PrecompiledWeb\localhost_52985\"
		Release.AspNetCompiler.Updateable = "true"
		Release.AspNetCompiler.ForceOverwrite = "true"
		Release.AspNetCompiler.FixedNames = "false"
		Release.AspNetCompiler.Debug = "False"
		VWDPort = "52985"
		SlnRelativePath = "SEProject\"
		DefaultWebSiteLanguage = "Visual C#"
	EndProjectSection
EndProject
Global
	GlobalSection(SolutionConfigurationPlatforms) = preSolution
		Debug|Any CPU = Debug|Any CPU
	EndGlobalSection
	GlobalSection(ProjectConfigurationPlatforms) = postSolution
		{B2784F72-C1CE-4E60-B49B-B7373085AC9F}.Debug|Any CPU.ActiveCfg = Debug|Any CPU
		{B2784F72-C1CE-4E60-B49B-B7373085AC9F}.Debug|Any CPU.Build.0 = Debug|Any CPU
	EndGlobalSection
	GlobalSection(SolutionProperties) = preSolution
		HideSolutionNode = FALSE
	EndGlobalSection
	GlobalSection(ExtensibilityGlobals) = postSolution
		SolutionGuid = {90BD780D-FB5E-4F0E-BAAE-C544F78B2EBA}
	EndGlobalSection
EndGlobal
